// !$*UTF8*$!
{
	archiveVersion = 1;
	classes = {
	};
	objectVersion = 46;
	objects = {

/* Begin PBXBuildFile section */
		1C49D9771E22BB5C004EA22D /* ModelFBProfile.swift in Sources */ = {isa = PBXBuildFile; fileRef = 1C49D9761E22BB5C004EA22D /* ModelFBProfile.swift */; };
		1C49D97A1E22E0A2004EA22D /* IncFunction.swift in Sources */ = {isa = PBXBuildFile; fileRef = 1C49D9791E22E0A2004EA22D /* IncFunction.swift */; };
		1CBAF5301E22973700ABED7E /* AppDelegate.swift in Sources */ = {isa = PBXBuildFile; fileRef = 1CBAF52F1E22973700ABED7E /* AppDelegate.swift */; };
		1CBAF5321E22973700ABED7E /* MainViewController.swift in Sources */ = {isa = PBXBuildFile; fileRef = 1CBAF5311E22973700ABED7E /* MainViewController.swift */; };
		1CBAF5351E22973700ABED7E /* Main.storyboard in Resources */ = {isa = PBXBuildFile; fileRef = 1CBAF5331E22973700ABED7E /* Main.storyboard */; };
		1CBAF5381E22973700ABED7E /* NotifyMe.xcdatamodeld in Sources */ = {isa = PBXBuildFile; fileRef = 1CBAF5361E22973700ABED7E /* NotifyMe.xcdatamodeld */; };
		1CBAF53A1E22973700ABED7E /* Assets.xcassets in Resources */ = {isa = PBXBuildFile; fileRef = 1CBAF5391E22973700ABED7E /* Assets.xcassets */; };
		1CBAF53D1E22973700ABED7E /* LaunchScreen.storyboard in Resources */ = {isa = PBXBuildFile; fileRef = 1CBAF53B1E22973700ABED7E /* LaunchScreen.storyboard */; };
		1CBAF5481E22973700ABED7E /* NotifyMeTests.swift in Sources */ = {isa = PBXBuildFile; fileRef = 1CBAF5471E22973700ABED7E /* NotifyMeTests.swift */; };
		1CBAF5531E22973700ABED7E /* NotifyMeUITests.swift in Sources */ = {isa = PBXBuildFile; fileRef = 1CBAF5521E22973700ABED7E /* NotifyMeUITests.swift */; };
		1CBAF5611E2298C700ABED7E /* LoginViewController.swift in Sources */ = {isa = PBXBuildFile; fileRef = 1CBAF5601E2298C700ABED7E /* LoginViewController.swift */; };
		1CBAF5691E22A41800ABED7E /* Bolts.framework in Frameworks */ = {isa = PBXBuildFile; fileRef = 1CBAF5651E22A41800ABED7E /* Bolts.framework */; };
		1CBAF56A1E22A41800ABED7E /* FBSDKCoreKit.framework in Frameworks */ = {isa = PBXBuildFile; fileRef = 1CBAF5661E22A41800ABED7E /* FBSDKCoreKit.framework */; };
		1CBAF56B1E22A41800ABED7E /* FBSDKLoginKit.framework in Frameworks */ = {isa = PBXBuildFile; fileRef = 1CBAF5671E22A41800ABED7E /* FBSDKLoginKit.framework */; };
		1CBAF56C1E22A41800ABED7E /* FBSDKShareKit.framework in Frameworks */ = {isa = PBXBuildFile; fileRef = 1CBAF5681E22A41800ABED7E /* FBSDKShareKit.framework */; };
		1CBAF56E1E22ACA800ABED7E /* ProfileViewController.swift in Sources */ = {isa = PBXBuildFile; fileRef = 1CBAF56D1E22ACA800ABED7E /* ProfileViewController.swift */; };
		208FCFE4B7C4AA08A4E52BB2 /* Pods_NotifyMeTests.framework in Frameworks */ = {isa = PBXBuildFile; fileRef = 119EA75BCE98EC25EBF48804 /* Pods_NotifyMeTests.framework */; };
		6DCD249771993BEB312619C0 /* Pods_NotifyMe.framework in Frameworks */ = {isa = PBXBuildFile; fileRef = C7F2ED9ED434CE7417C41F7D /* Pods_NotifyMe.framework */; };
		EF50317E5512AB122AB6558F /* Pods_NotifyMeUITests.framework in Frameworks */ = {isa = PBXBuildFile; fileRef = 960B8E87377C5C31CF349CFA /* Pods_NotifyMeUITests.framework */; };
/* End PBXBuildFile section */

/* Begin PBXContainerItemProxy section */
		1CBAF5441E22973700ABED7E /* PBXContainerItemProxy */ = {
			isa = PBXContainerItemProxy;
			containerPortal = 1CBAF5241E22973700ABED7E /* Project object */;
			proxyType = 1;
			remoteGlobalIDString = 1CBAF52B1E22973700ABED7E;
			remoteInfo = NotifyMe;
		};
		1CBAF54F1E22973700ABED7E /* PBXContainerItemProxy */ = {
			isa = PBXContainerItemProxy;
			containerPortal = 1CBAF5241E22973700ABED7E /* Project object */;
			proxyType = 1;
			remoteGlobalIDString = 1CBAF52B1E22973700ABED7E;
			remoteInfo = NotifyMe;
		};
/* End PBXContainerItemProxy section */

/* Begin PBXFileReference section */
		119EA75BCE98EC25EBF48804 /* Pods_NotifyMeTests.framework */ = {isa = PBXFileReference; explicitFileType = wrapper.framework; includeInIndex = 0; path = Pods_NotifyMeTests.framework; sourceTree = BUILT_PRODUCTS_DIR; };
		1C49D9761E22BB5C004EA22D /* ModelFBProfile.swift */ = {isa = PBXFileReference; fileEncoding = 4; lastKnownFileType = sourcecode.swift; path = ModelFBProfile.swift; sourceTree = "<group>"; };
		1C49D9791E22E0A2004EA22D /* IncFunction.swift */ = {isa = PBXFileReference; fileEncoding = 4; lastKnownFileType = sourcecode.swift; path = IncFunction.swift; sourceTree = "<group>"; };
		1CBAF52C1E22973700ABED7E /* NotifyMe.app */ = {isa = PBXFileReference; explicitFileType = wrapper.application; includeInIndex = 0; path = NotifyMe.app; sourceTree = BUILT_PRODUCTS_DIR; };
		1CBAF52F1E22973700ABED7E /* AppDelegate.swift */ = {isa = PBXFileReference; lastKnownFileType = sourcecode.swift; path = AppDelegate.swift; sourceTree = "<group>"; };
		1CBAF5311E22973700ABED7E /* MainViewController.swift */ = {isa = PBXFileReference; lastKnownFileType = sourcecode.swift; path = MainViewController.swift; sourceTree = "<group>"; };
		1CBAF5341E22973700ABED7E /* Base */ = {isa = PBXFileReference; lastKnownFileType = file.storyboard; name = Base; path = Base.lproj/Main.storyboard; sourceTree = "<group>"; };
		1CBAF5371E22973700ABED7E /* NotifyMe.xcdatamodel */ = {isa = PBXFileReference; lastKnownFileType = wrapper.xcdatamodel; path = NotifyMe.xcdatamodel; sourceTree = "<group>"; };
		1CBAF5391E22973700ABED7E /* Assets.xcassets */ = {isa = PBXFileReference; lastKnownFileType = folder.assetcatalog; path = Assets.xcassets; sourceTree = "<group>"; };
		1CBAF53C1E22973700ABED7E /* Base */ = {isa = PBXFileReference; lastKnownFileType = file.storyboard; name = Base; path = Base.lproj/LaunchScreen.storyboard; sourceTree = "<group>"; };
		1CBAF53E1E22973700ABED7E /* Info.plist */ = {isa = PBXFileReference; lastKnownFileType = text.plist.xml; path = Info.plist; sourceTree = "<group>"; };
		1CBAF5431E22973700ABED7E /* NotifyMeTests.xctest */ = {isa = PBXFileReference; explicitFileType = wrapper.cfbundle; includeInIndex = 0; path = NotifyMeTests.xctest; sourceTree = BUILT_PRODUCTS_DIR; };
		1CBAF5471E22973700ABED7E /* NotifyMeTests.swift */ = {isa = PBXFileReference; lastKnownFileType = sourcecode.swift; path = NotifyMeTests.swift; sourceTree = "<group>"; };
		1CBAF5491E22973700ABED7E /* Info.plist */ = {isa = PBXFileReference; lastKnownFileType = text.plist.xml; path = Info.plist; sourceTree = "<group>"; };
		1CBAF54E1E22973700ABED7E /* NotifyMeUITests.xctest */ = {isa = PBXFileReference; explicitFileType = wrapper.cfbundle; includeInIndex = 0; path = NotifyMeUITests.xctest; sourceTree = BUILT_PRODUCTS_DIR; };
		1CBAF5521E22973700ABED7E /* NotifyMeUITests.swift */ = {isa = PBXFileReference; lastKnownFileType = sourcecode.swift; path = NotifyMeUITests.swift; sourceTree = "<group>"; };
		1CBAF5541E22973700ABED7E /* Info.plist */ = {isa = PBXFileReference; lastKnownFileType = text.plist.xml; path = Info.plist; sourceTree = "<group>"; };
		1CBAF5601E2298C700ABED7E /* LoginViewController.swift */ = {isa = PBXFileReference; fileEncoding = 4; lastKnownFileType = sourcecode.swift; path = LoginViewController.swift; sourceTree = "<group>"; };
		1CBAF5651E22A41800ABED7E /* Bolts.framework */ = {isa = PBXFileReference; lastKnownFileType = wrapper.framework; name = Bolts.framework; path = NotifyMe/Framework/Bolts.framework; sourceTree = "<group>"; };
		1CBAF5661E22A41800ABED7E /* FBSDKCoreKit.framework */ = {isa = PBXFileReference; lastKnownFileType = wrapper.framework; name = FBSDKCoreKit.framework; path = NotifyMe/Framework/FBSDKCoreKit.framework; sourceTree = "<group>"; };
		1CBAF5671E22A41800ABED7E /* FBSDKLoginKit.framework */ = {isa = PBXFileReference; lastKnownFileType = wrapper.framework; name = FBSDKLoginKit.framework; path = NotifyMe/Framework/FBSDKLoginKit.framework; sourceTree = "<group>"; };
		1CBAF5681E22A41800ABED7E /* FBSDKShareKit.framework */ = {isa = PBXFileReference; lastKnownFileType = wrapper.framework; name = FBSDKShareKit.framework; path = NotifyMe/Framework/FBSDKShareKit.framework; sourceTree = "<group>"; };
		1CBAF56D1E22ACA800ABED7E /* ProfileViewController.swift */ = {isa = PBXFileReference; fileEncoding = 4; lastKnownFileType = sourcecode.swift; path = ProfileViewController.swift; sourceTree = "<group>"; };
		37F607204D37FD626A20CC8A /* Pods-NotifyMeTests.debug.xcconfig */ = {isa = PBXFileReference; includeInIndex = 1; lastKnownFileType = text.xcconfig; name = "Pods-NotifyMeTests.debug.xcconfig"; path = "Pods/Target Support Files/Pods-NotifyMeTests/Pods-NotifyMeTests.debug.xcconfig"; sourceTree = "<group>"; };
		39EF4A1FEE62898105CAE864 /* Pods-NotifyMeTests.release.xcconfig */ = {isa = PBXFileReference; includeInIndex = 1; lastKnownFileType = text.xcconfig; name = "Pods-NotifyMeTests.release.xcconfig"; path = "Pods/Target Support Files/Pods-NotifyMeTests/Pods-NotifyMeTests.release.xcconfig"; sourceTree = "<group>"; };
		7B96C1095BDD471E348B4E4A /* Pods-NotifyMe.debug.xcconfig */ = {isa = PBXFileReference; includeInIndex = 1; lastKnownFileType = text.xcconfig; name = "Pods-NotifyMe.debug.xcconfig"; path = "Pods/Target Support Files/Pods-NotifyMe/Pods-NotifyMe.debug.xcconfig"; sourceTree = "<group>"; };
		960B8E87377C5C31CF349CFA /* Pods_NotifyMeUITests.framework */ = {isa = PBXFileReference; explicitFileType = wrapper.framework; includeInIndex = 0; path = Pods_NotifyMeUITests.framework; sourceTree = BUILT_PRODUCTS_DIR; };
		BD65DD4CD7F2D130E12D4BA3 /* Pods-NotifyMe.release.xcconfig */ = {isa = PBXFileReference; includeInIndex = 1; lastKnownFileType = text.xcconfig; name = "Pods-NotifyMe.release.xcconfig"; path = "Pods/Target Support Files/Pods-NotifyMe/Pods-NotifyMe.release.xcconfig"; sourceTree = "<group>"; };
		BF896B9A7043C1EF5B8A359E /* Pods-NotifyMeUITests.release.xcconfig */ = {isa = PBXFileReference; includeInIndex = 1; lastKnownFileType = text.xcconfig; name = "Pods-NotifyMeUITests.release.xcconfig"; path = "Pods/Target Support Files/Pods-NotifyMeUITests/Pods-NotifyMeUITests.release.xcconfig"; sourceTree = "<group>"; };
		C7F2ED9ED434CE7417C41F7D /* Pods_NotifyMe.framework */ = {isa = PBXFileReference; explicitFileType = wrapper.framework; includeInIndex = 0; path = Pods_NotifyMe.framework; sourceTree = BUILT_PRODUCTS_DIR; };
		F6703C69E1B1D762EFA6C5A1 /* Pods-NotifyMeUITests.debug.xcconfig */ = {isa = PBXFileReference; includeInIndex = 1; lastKnownFileType = text.xcconfig; name = "Pods-NotifyMeUITests.debug.xcconfig"; path = "Pods/Target Support Files/Pods-NotifyMeUITests/Pods-NotifyMeUITests.debug.xcconfig"; sourceTree = "<group>"; };
/* End PBXFileReference section */

/* Begin PBXFrameworksBuildPhase section */
		1CBAF5291E22973700ABED7E /* Frameworks */ = {
			isa = PBXFrameworksBuildPhase;
			buildActionMask = 2147483647;
			files = (
				1CBAF5691E22A41800ABED7E /* Bolts.framework in Frameworks */,
				1CBAF56A1E22A41800ABED7E /* FBSDKCoreKit.framework in Frameworks */,
				1CBAF56B1E22A41800ABED7E /* FBSDKLoginKit.framework in Frameworks */,
				1CBAF56C1E22A41800ABED7E /* FBSDKShareKit.framework in Frameworks */,
				6DCD249771993BEB312619C0 /* Pods_NotifyMe.framework in Frameworks */,
			);
			runOnlyForDeploymentPostprocessing = 0;
		};
		1CBAF5401E22973700ABED7E /* Frameworks */ = {
			isa = PBXFrameworksBuildPhase;
			buildActionMask = 2147483647;
			files = (
				208FCFE4B7C4AA08A4E52BB2 /* Pods_NotifyMeTests.framework in Frameworks */,
			);
			runOnlyForDeploymentPostprocessing = 0;
		};
		1CBAF54B1E22973700ABED7E /* Frameworks */ = {
			isa = PBXFrameworksBuildPhase;
			buildActionMask = 2147483647;
			files = (
				EF50317E5512AB122AB6558F /* Pods_NotifyMeUITests.framework in Frameworks */,
			);
			runOnlyForDeploymentPostprocessing = 0;
		};
/* End PBXFrameworksBuildPhase section */

/* Begin PBXGroup section */
		1C49D9751E22BB3F004EA22D /* Model */ = {
			isa = PBXGroup;
			children = (
				1C49D9761E22BB5C004EA22D /* ModelFBProfile.swift */,
			);
			path = Model;
			sourceTree = "<group>";
		};
		1C49D9781E22E094004EA22D /* Include */ = {
			isa = PBXGroup;
			children = (
				1C49D9791E22E0A2004EA22D /* IncFunction.swift */,
			);
			path = Include;
			sourceTree = "<group>";
		};
		1CBAF5231E22973700ABED7E = {
			isa = PBXGroup;
			children = (
				1CBAF52E1E22973700ABED7E /* NotifyMe */,
				1CBAF5461E22973700ABED7E /* NotifyMeTests */,
				1CBAF5511E22973700ABED7E /* NotifyMeUITests */,
				1CBAF52D1E22973700ABED7E /* Products */,
				37C2BCC321C8EC6C5506FE0E /* Pods */,
				8FCBB636640650CA5311E65D /* Frameworks */,
			);
			sourceTree = "<group>";
		};
		1CBAF52D1E22973700ABED7E /* Products */ = {
			isa = PBXGroup;
			children = (
				1CBAF52C1E22973700ABED7E /* NotifyMe.app */,
				1CBAF5431E22973700ABED7E /* NotifyMeTests.xctest */,
				1CBAF54E1E22973700ABED7E /* NotifyMeUITests.xctest */,
			);
			name = Products;
			sourceTree = "<group>";
		};
		1CBAF52E1E22973700ABED7E /* NotifyMe */ = {
			isa = PBXGroup;
			children = (
				1CBAF5641E229AFF00ABED7E /* App */,
				1C49D9781E22E094004EA22D /* Include */,
				1C49D9751E22BB3F004EA22D /* Model */,
				1CBAF5631E229AEB00ABED7E /* LaunchScreen */,
				1CBAF5621E229AD600ABED7E /* Assets */,
				1CBAF5311E22973700ABED7E /* MainViewController.swift */,
				1CBAF5601E2298C700ABED7E /* LoginViewController.swift */,
				1CBAF56D1E22ACA800ABED7E /* ProfileViewController.swift */,
				1CBAF5331E22973700ABED7E /* Main.storyboard */,
			);
			path = NotifyMe;
			sourceTree = "<group>";
		};
		1CBAF5461E22973700ABED7E /* NotifyMeTests */ = {
			isa = PBXGroup;
			children = (
				1CBAF5471E22973700ABED7E /* NotifyMeTests.swift */,
				1CBAF5491E22973700ABED7E /* Info.plist */,
			);
			path = NotifyMeTests;
			sourceTree = "<group>";
		};
		1CBAF5511E22973700ABED7E /* NotifyMeUITests */ = {
			isa = PBXGroup;
			children = (
				1CBAF5521E22973700ABED7E /* NotifyMeUITests.swift */,
				1CBAF5541E22973700ABED7E /* Info.plist */,
			);
			path = NotifyMeUITests;
			sourceTree = "<group>";
		};
		1CBAF5621E229AD600ABED7E /* Assets */ = {
			isa = PBXGroup;
			children = (
				1CBAF5361E22973700ABED7E /* NotifyMe.xcdatamodeld */,
				1CBAF53E1E22973700ABED7E /* Info.plist */,
				1CBAF5391E22973700ABED7E /* Assets.xcassets */,
			);
			name = Assets;
			sourceTree = "<group>";
		};
		1CBAF5631E229AEB00ABED7E /* LaunchScreen */ = {
			isa = PBXGroup;
			children = (
				1CBAF53B1E22973700ABED7E /* LaunchScreen.storyboard */,
			);
			name = LaunchScreen;
			sourceTree = "<group>";
		};
		1CBAF5641E229AFF00ABED7E /* App */ = {
			isa = PBXGroup;
			children = (
				1CBAF52F1E22973700ABED7E /* AppDelegate.swift */,
			);
			name = App;
			sourceTree = "<group>";
		};
		37C2BCC321C8EC6C5506FE0E /* Pods */ = {
			isa = PBXGroup;
			children = (
				7B96C1095BDD471E348B4E4A /* Pods-NotifyMe.debug.xcconfig */,
				BD65DD4CD7F2D130E12D4BA3 /* Pods-NotifyMe.release.xcconfig */,
				37F607204D37FD626A20CC8A /* Pods-NotifyMeTests.debug.xcconfig */,
				39EF4A1FEE62898105CAE864 /* Pods-NotifyMeTests.release.xcconfig */,
				F6703C69E1B1D762EFA6C5A1 /* Pods-NotifyMeUITests.debug.xcconfig */,
				BF896B9A7043C1EF5B8A359E /* Pods-NotifyMeUITests.release.xcconfig */,
			);
			name = Pods;
			sourceTree = "<group>";
		};
		8FCBB636640650CA5311E65D /* Frameworks */ = {
			isa = PBXGroup;
			children = (
				1CBAF5651E22A41800ABED7E /* Bolts.framework */,
				1CBAF5661E22A41800ABED7E /* FBSDKCoreKit.framework */,
				1CBAF5671E22A41800ABED7E /* FBSDKLoginKit.framework */,
				1CBAF5681E22A41800ABED7E /* FBSDKShareKit.framework */,
				C7F2ED9ED434CE7417C41F7D /* Pods_NotifyMe.framework */,
				119EA75BCE98EC25EBF48804 /* Pods_NotifyMeTests.framework */,
				960B8E87377C5C31CF349CFA /* Pods_NotifyMeUITests.framework */,
			);
			name = Frameworks;
			sourceTree = "<group>";
		};
/* End PBXGroup section */

/* Begin PBXNativeTarget section */
		1CBAF52B1E22973700ABED7E /* NotifyMe */ = {
			isa = PBXNativeTarget;
			buildConfigurationList = 1CBAF5571E22973700ABED7E /* Build configuration list for PBXNativeTarget "NotifyMe" */;
			buildPhases = (
				BE0B6A0176A263FB22ADDC4A /* [CP] Check Pods Manifest.lock */,
				1CBAF5281E22973700ABED7E /* Sources */,
				1CBAF5291E22973700ABED7E /* Frameworks */,
				1CBAF52A1E22973700ABED7E /* Resources */,
				D5BA1FF5158D633D56D3CA2B /* [CP] Embed Pods Frameworks */,
				229EA4809254E49322844D31 /* [CP] Copy Pods Resources */,
			);
			buildRules = (
			);
			dependencies = (
			);
			name = NotifyMe;
			productName = NotifyMe;
			productReference = 1CBAF52C1E22973700ABED7E /* NotifyMe.app */;
			productType = "com.apple.product-type.application";
		};
		1CBAF5421E22973700ABED7E /* NotifyMeTests */ = {
			isa = PBXNativeTarget;
			buildConfigurationList = 1CBAF55A1E22973700ABED7E /* Build configuration list for PBXNativeTarget "NotifyMeTests" */;
			buildPhases = (
				D5F4DBBA65210AE05D843052 /* [CP] Check Pods Manifest.lock */,
				1CBAF53F1E22973700ABED7E /* Sources */,
				1CBAF5401E22973700ABED7E /* Frameworks */,
				1CBAF5411E22973700ABED7E /* Resources */,
				93E543EABC14E8DA51B50907 /* [CP] Embed Pods Frameworks */,
				2AB0745325FEEACE171329B2 /* [CP] Copy Pods Resources */,
			);
			buildRules = (
			);
			dependencies = (
				1CBAF5451E22973700ABED7E /* PBXTargetDependency */,
			);
			name = NotifyMeTests;
			productName = NotifyMeTests;
			productReference = 1CBAF5431E22973700ABED7E /* NotifyMeTests.xctest */;
			productType = "com.apple.product-type.bundle.unit-test";
		};
		1CBAF54D1E22973700ABED7E /* NotifyMeUITests */ = {
			isa = PBXNativeTarget;
			buildConfigurationList = 1CBAF55D1E22973700ABED7E /* Build configuration list for PBXNativeTarget "NotifyMeUITests" */;
			buildPhases = (
				BB4233F8CD63325194B3B6FE /* [CP] Check Pods Manifest.lock */,
				1CBAF54A1E22973700ABED7E /* Sources */,
				1CBAF54B1E22973700ABED7E /* Frameworks */,
				1CBAF54C1E22973700ABED7E /* Resources */,
				56218072A22885328196C8AB /* [CP] Embed Pods Frameworks */,
				277F71D5A15A2A37C3BC8EC8 /* [CP] Copy Pods Resources */,
			);
			buildRules = (
			);
			dependencies = (
				1CBAF5501E22973700ABED7E /* PBXTargetDependency */,
			);
			name = NotifyMeUITests;
			productName = NotifyMeUITests;
			productReference = 1CBAF54E1E22973700ABED7E /* NotifyMeUITests.xctest */;
			productType = "com.apple.product-type.bundle.ui-testing";
		};
/* End PBXNativeTarget section */

/* Begin PBXProject section */
		1CBAF5241E22973700ABED7E /* Project object */ = {
			isa = PBXProject;
			attributes = {
				LastSwiftUpdateCheck = 0820;
				LastUpgradeCheck = 0820;
				ORGANIZATIONNAME = "Narongsak kongpan";
				TargetAttributes = {
					1CBAF52B1E22973700ABED7E = {
						CreatedOnToolsVersion = 8.2.1;
						DevelopmentTeam = JH5A525NVW;
						ProvisioningStyle = Automatic;
					};
					1CBAF5421E22973700ABED7E = {
						CreatedOnToolsVersion = 8.2.1;
						DevelopmentTeam = JH5A525NVW;
						ProvisioningStyle = Automatic;
						TestTargetID = 1CBAF52B1E22973700ABED7E;
					};
					1CBAF54D1E22973700ABED7E = {
						CreatedOnToolsVersion = 8.2.1;
						DevelopmentTeam = JH5A525NVW;
						ProvisioningStyle = Automatic;
						TestTargetID = 1CBAF52B1E22973700ABED7E;
					};
				};
			};
			buildConfigurationList = 1CBAF5271E22973700ABED7E /* Build configuration list for PBXProject "NotifyMe" */;
			compatibilityVersion = "Xcode 3.2";
			developmentRegion = English;
			hasScannedForEncodings = 0;
			knownRegions = (
				en,
				Base,
			);
			mainGroup = 1CBAF5231E22973700ABED7E;
			productRefGroup = 1CBAF52D1E22973700ABED7E /* Products */;
			projectDirPath = "";
			projectRoot = "";
			targets = (
				1CBAF52B1E22973700ABED7E /* NotifyMe */,
				1CBAF5421E22973700ABED7E /* NotifyMeTests */,
				1CBAF54D1E22973700ABED7E /* NotifyMeUITests */,
			);
		};
/* End PBXProject section */

/* Begin PBXResourcesBuildPhase section */
		1CBAF52A1E22973700ABED7E /* Resources */ = {
			isa = PBXResourcesBuildPhase;
			buildActionMask = 2147483647;
			files = (
				1CBAF53D1E22973700ABED7E /* LaunchScreen.storyboard in Resources */,
				1CBAF53A1E22973700ABED7E /* Assets.xcassets in Resources */,
				1CBAF5351E22973700ABED7E /* Main.storyboard in Resources */,
			);
			runOnlyForDeploymentPostprocessing = 0;
		};
		1CBAF5411E22973700ABED7E /* Resources */ = {
			isa = PBXResourcesBuildPhase;
			buildActionMask = 2147483647;
			files = (
			);
			runOnlyForDeploymentPostprocessing = 0;
		};
		1CBAF54C1E22973700ABED7E /* Resources */ = {
			isa = PBXResourcesBuildPhase;
			buildActionMask = 2147483647;
			files = (
			);
			runOnlyForDeploymentPostprocessing = 0;
		};
/* End PBXResourcesBuildPhase section */

/* Begin PBXShellScriptBuildPhase section */
		229EA4809254E49322844D31 /* [CP] Copy Pods Resources */ = {
			isa = PBXShellScriptBuildPhase;
			buildActionMask = 2147483647;
			files = (
			);
			inputPaths = (
			);
			name = "[CP] Copy Pods Resources";
			outputPaths = (
			);
			runOnlyForDeploymentPostprocessing = 0;
			shellPath = /bin/sh;
			shellScript = "\"${SRCROOT}/Pods/Target Support Files/Pods-NotifyMe/Pods-NotifyMe-resources.sh\"\n";
			showEnvVarsInLog = 0;
		};
		277F71D5A15A2A37C3BC8EC8 /* [CP] Copy Pods Resources */ = {
			isa = PBXShellScriptBuildPhase;
			buildActionMask = 2147483647;
			files = (
			);
			inputPaths = (
			);
			name = "[CP] Copy Pods Resources";
			outputPaths = (
			);
			runOnlyForDeploymentPostprocessing = 0;
			shellPath = /bin/sh;
			shellScript = "\"${SRCROOT}/Pods/Target Support Files/Pods-NotifyMeUITests/Pods-NotifyMeUITests-resources.sh\"\n";
			showEnvVarsInLog = 0;
		};
		2AB0745325FEEACE171329B2 /* [CP] Copy Pods Resources */ = {
			isa = PBXShellScriptBuildPhase;
			buildActionMask = 2147483647;
			files = (
			);
			inputPaths = (
			);
			name = "[CP] Copy Pods Resources";
			outputPaths = (
			);
			runOnlyForDeploymentPostprocessing = 0;
			shellPath = /bin/sh;
			shellScript = "\"${SRCROOT}/Pods/Target Support Files/Pods-NotifyMeTests/Pods-NotifyMeTests-resources.sh\"\n";
			showEnvVarsInLog = 0;
		};
		56218072A22885328196C8AB /* [CP] Embed Pods Frameworks */ = {
			isa = PBXShellScriptBuildPhase;
			buildActionMask = 2147483647;
			files = (
			);
			inputPaths = (
			);
			name = "[CP] Embed Pods Frameworks";
			outputPaths = (
			);
			runOnlyForDeploymentPostprocessing = 0;
			shellPath = /bin/sh;
			shellScript = "\"${SRCROOT}/Pods/Target Support Files/Pods-NotifyMeUITests/Pods-NotifyMeUITests-frameworks.sh\"\n";
			showEnvVarsInLog = 0;
		};
		93E543EABC14E8DA51B50907 /* [CP] Embed Pods Frameworks */ = {
			isa = PBXShellScriptBuildPhase;
			buildActionMask = 2147483647;
			files = (
			);
			inputPaths = (
			);
			name = "[CP] Embed Pods Frameworks";
			outputPaths = (
			);
			runOnlyForDeploymentPostprocessing = 0;
			shellPath = /bin/sh;
			shellScript = "\"${SRCROOT}/Pods/Target Support Files/Pods-NotifyMeTests/Pods-NotifyMeTests-frameworks.sh\"\n";
			showEnvVarsInLog = 0;
		};
		BB4233F8CD63325194B3B6FE /* [CP] Check Pods Manifest.lock */ = {
			isa = PBXShellScriptBuildPhase;
			buildActionMask = 2147483647;
			files = (
			);
			inputPaths = (
			);
			name = "[CP] Check Pods Manifest.lock";
			outputPaths = (
			);
			runOnlyForDeploymentPostprocessing = 0;
			shellPath = /bin/sh;
			shellScript = "diff \"${PODS_ROOT}/../Podfile.lock\" \"${PODS_ROOT}/Manifest.lock\" > /dev/null\nif [ $? != 0 ] ; then\n    # print error to STDERR\n    echo \"error: The sandbox is not in sync with the Podfile.lock. Run 'pod install' or update your CocoaPods installation.\" >&2\n    exit 1\nfi\n";
			showEnvVarsInLog = 0;
		};
		BE0B6A0176A263FB22ADDC4A /* [CP] Check Pods Manifest.lock */ = {
			isa = PBXShellScriptBuildPhase;
			buildActionMask = 2147483647;
			files = (
			);
			inputPaths = (
			);
			name = "[CP] Check Pods Manifest.lock";
			outputPaths = (
			);
			runOnlyForDeploymentPostprocessing = 0;
			shellPath = /bin/sh;
			shellScript = "diff \"${PODS_ROOT}/../Podfile.lock\" \"${PODS_ROOT}/Manifest.lock\" > /dev/null\nif [ $? != 0 ] ; then\n    # print error to STDERR\n    echo \"error: The sandbox is not in sync with the Podfile.lock. Run 'pod install' or update your CocoaPods installation.\" >&2\n    exit 1\nfi\n";
			showEnvVarsInLog = 0;
		};
		D5BA1FF5158D633D56D3CA2B /* [CP] Embed Pods Frameworks */ = {
			isa = PBXShellScriptBuildPhase;
			buildActionMask = 2147483647;
			files = (
			);
			inputPaths = (
			);
			name = "[CP] Embed Pods Frameworks";
			outputPaths = (
			);
			runOnlyForDeploymentPostprocessing = 0;
			shellPath = /bin/sh;
			shellScript = "\"${SRCROOT}/Pods/Target Support Files/Pods-NotifyMe/Pods-NotifyMe-frameworks.sh\"\n";
			showEnvVarsInLog = 0;
		};
		D5F4DBBA65210AE05D843052 /* [CP] Check Pods Manifest.lock */ = {
			isa = PBXShellScriptBuildPhase;
			buildActionMask = 2147483647;
			files = (
			);
			inputPaths = (
			);
			name = "[CP] Check Pods Manifest.lock";
			outputPaths = (
			);
			runOnlyForDeploymentPostprocessing = 0;
			shellPath = /bin/sh;
			shellScript = "diff \"${PODS_ROOT}/../Podfile.lock\" \"${PODS_ROOT}/Manifest.lock\" > /dev/null\nif [ $? != 0 ] ; then\n    # print error to STDERR\n    echo \"error: The sandbox is not in sync with the Podfile.lock. Run 'pod install' or update your CocoaPods installation.\" >&2\n    exit 1\nfi\n";
			showEnvVarsInLog = 0;
		};
/* End PBXShellScriptBuildPhase section */

/* Begin PBXSourcesBuildPhase section */
		1CBAF5281E22973700ABED7E /* Sources */ = {
			isa = PBXSourcesBuildPhase;
			buildActionMask = 2147483647;
			files = (
				1C49D97A1E22E0A2004EA22D /* IncFunction.swift in Sources */,
				1CBAF5381E22973700ABED7E /* NotifyMe.xcdatamodeld in Sources */,
				1C49D9771E22BB5C004EA22D /* ModelFBProfile.swift in Sources */,
				1CBAF5321E22973700ABED7E /* MainViewController.swift in Sources */,
				1CBAF56E1E22ACA800ABED7E /* ProfileViewController.swift in Sources */,
				1CBAF5611E2298C700ABED7E /* LoginViewController.swift in Sources */,
				1CBAF5301E22973700ABED7E /* AppDelegate.swift in Sources */,
			);
			runOnlyForDeploymentPostprocessing = 0;
		};
		1CBAF53F1E22973700ABED7E /* Sources */ = {
			isa = PBXSourcesBuildPhase;
			buildActionMask = 2147483647;
			files = (
				1CBAF5481E22973700ABED7E /* NotifyMeTests.swift in Sources */,
			);
			runOnlyForDeploymentPostprocessing = 0;
		};
		1CBAF54A1E22973700ABED7E /* Sources */ = {
			isa = PBXSourcesBuildPhase;
			buildActionMask = 2147483647;
			files = (
				1CBAF5531E22973700ABED7E /* NotifyMeUITests.swift in Sources */,
			);
			runOnlyForDeploymentPostprocessing = 0;
		};
/* End PBXSourcesBuildPhase section */

/* Begin PBXTargetDependency section */
		1CBAF5451E22973700ABED7E /* PBXTargetDependency */ = {
			isa = PBXTargetDependency;
			target = 1CBAF52B1E22973700ABED7E /* NotifyMe */;
			targetProxy = 1CBAF5441E22973700ABED7E /* PBXContainerItemProxy */;
		};
		1CBAF5501E22973700ABED7E /* PBXTargetDependency */ = {
			isa = PBXTargetDependency;
			target = 1CBAF52B1E22973700ABED7E /* NotifyMe */;
			targetProxy = 1CBAF54F1E22973700ABED7E /* PBXContainerItemProxy */;
		};
/* End PBXTargetDependency section */

/* Begin PBXVariantGroup section */
		1CBAF5331E22973700ABED7E /* Main.storyboard */ = {
			isa = PBXVariantGroup;
			children = (
				1CBAF5341E22973700ABED7E /* Base */,
			);
			name = Main.storyboard;
			sourceTree = "<group>";
		};
		1CBAF53B1E22973700ABED7E /* LaunchScreen.storyboard */ = {
			isa = PBXVariantGroup;
			children = (
				1CBAF53C1E22973700ABED7E /* Base */,
			);
			name = LaunchScreen.storyboard;
			sourceTree = "<group>";
		};
/* End PBXVariantGroup section */

/* Begin XCBuildConfiguration section */
		1CBAF5551E22973700ABED7E /* Debug */ = {
			isa = XCBuildConfiguration;
			buildSettings = {
				ALWAYS_EMBED_SWIFT_STANDARD_LIBRARIES = YES;
				ALWAYS_SEARCH_USER_PATHS = NO;
				CLANG_ANALYZER_NONNULL = YES;
				CLANG_CXX_LANGUAGE_STANDARD = "gnu++0x";
				CLANG_CXX_LIBRARY = "libc++";
				CLANG_ENABLE_MODULES = YES;
				CLANG_ENABLE_OBJC_ARC = YES;
				CLANG_WARN_BOOL_CONVERSION = YES;
				CLANG_WARN_CONSTANT_CONVERSION = YES;
				CLANG_WARN_DIRECT_OBJC_ISA_USAGE = YES_ERROR;
				CLANG_WARN_DOCUMENTATION_COMMENTS = YES;
				CLANG_WARN_EMPTY_BODY = YES;
				CLANG_WARN_ENUM_CONVERSION = YES;
				CLANG_WARN_INFINITE_RECURSION = YES;
				CLANG_WARN_INT_CONVERSION = YES;
				CLANG_WARN_OBJC_ROOT_CLASS = YES_ERROR;
				CLANG_WARN_SUSPICIOUS_MOVE = YES;
				CLANG_WARN_UNREACHABLE_CODE = YES;
				CLANG_WARN__DUPLICATE_METHOD_MATCH = YES;
				"CODE_SIGN_IDENTITY[sdk=iphoneos*]" = "iPhone Developer";
				COPY_PHASE_STRIP = NO;
				DEBUG_INFORMATION_FORMAT = dwarf;
				ENABLE_STRICT_OBJC_MSGSEND = YES;
				ENABLE_TESTABILITY = YES;
				GCC_C_LANGUAGE_STANDARD = gnu99;
				GCC_DYNAMIC_NO_PIC = NO;
				GCC_NO_COMMON_BLOCKS = YES;
				GCC_OPTIMIZATION_LEVEL = 0;
				GCC_PREPROCESSOR_DEFINITIONS = (
					"DEBUG=1",
					"$(inherited)",
				);
				GCC_WARN_64_TO_32_BIT_CONVERSION = YES;
				GCC_WARN_ABOUT_RETURN_TYPE = YES_ERROR;
				GCC_WARN_UNDECLARED_SELECTOR = YES;
				GCC_WARN_UNINITIALIZED_AUTOS = YES_AGGRESSIVE;
				GCC_WARN_UNUSED_FUNCTION = YES;
				GCC_WARN_UNUSED_VARIABLE = YES;
				IPHONEOS_DEPLOYMENT_TARGET = 10.2;
				MTL_ENABLE_DEBUG_INFO = YES;
				ONLY_ACTIVE_ARCH = YES;
				SDKROOT = iphoneos;
				SWIFT_ACTIVE_COMPILATION_CONDITIONS = DEBUG;
				SWIFT_OPTIMIZATION_LEVEL = "-Onone";
				TARGETED_DEVICE_FAMILY = "1,2";
			};
			name = Debug;
		};
		1CBAF5561E22973700ABED7E /* Release */ = {
			isa = XCBuildConfiguration;
			buildSettings = {
				ALWAYS_EMBED_SWIFT_STANDARD_LIBRARIES = YES;
				ALWAYS_SEARCH_USER_PATHS = NO;
				CLANG_ANALYZER_NONNULL = YES;
				CLANG_CXX_LANGUAGE_STANDARD = "gnu++0x";
				CLANG_CXX_LIBRARY = "libc++";
				CLANG_ENABLE_MODULES = YES;
				CLANG_ENABLE_OBJC_ARC = YES;
				CLANG_WARN_BOOL_CONVERSION = YES;
				CLANG_WARN_CONSTANT_CONVERSION = YES;
				CLANG_WARN_DIRECT_OBJC_ISA_USAGE = YES_ERROR;
				CLANG_WARN_DOCUMENTATION_COMMENTS = YES;
				CLANG_WARN_EMPTY_BODY = YES;
				CLANG_WARN_ENUM_CONVERSION = YES;
				CLANG_WARN_INFINITE_RECURSION = YES;
				CLANG_WARN_INT_CONVERSION = YES;
				CLANG_WARN_OBJC_ROOT_CLASS = YES_ERROR;
				CLANG_WARN_SUSPICIOUS_MOVE = YES;
				CLANG_WARN_UNREACHABLE_CODE = YES;
				CLANG_WARN__DUPLICATE_METHOD_MATCH = YES;
				"CODE_SIGN_IDENTITY[sdk=iphoneos*]" = "iPhone Developer";
				COPY_PHASE_STRIP = NO;
				DEBUG_INFORMATION_FORMAT = "dwarf-with-dsym";
				ENABLE_NS_ASSERTIONS = NO;
				ENABLE_STRICT_OBJC_MSGSEND = YES;
				GCC_C_LANGUAGE_STANDARD = gnu99;
				GCC_NO_COMMON_BLOCKS = YES;
				GCC_WARN_64_TO_32_BIT_CONVERSION = YES;
				GCC_WARN_ABOUT_RETURN_TYPE = YES_ERROR;
				GCC_WARN_UNDECLARED_SELECTOR = YES;
				GCC_WARN_UNINITIALIZED_AUTOS = YES_AGGRESSIVE;
				GCC_WARN_UNUSED_FUNCTION = YES;
				GCC_WARN_UNUSED_VARIABLE = YES;
				IPHONEOS_DEPLOYMENT_TARGET = 10.2;
				MTL_ENABLE_DEBUG_INFO = NO;
				SDKROOT = iphoneos;
				SWIFT_OPTIMIZATION_LEVEL = "-Owholemodule";
				TARGETED_DEVICE_FAMILY = "1,2";
				VALIDATE_PRODUCT = YES;
			};
			name = Release;
		};
		1CBAF5581E22973700ABED7E /* Debug */ = {
			isa = XCBuildConfiguration;
			baseConfigurationReference = 7B96C1095BDD471E348B4E4A /* Pods-NotifyMe.debug.xcconfig */;
			buildSettings = {
				ASSETCATALOG_COMPILER_APPICON_NAME = AppIcon;
				DEVELOPMENT_TEAM = JH5A525NVW;
				FRAMEWORK_SEARCH_PATHS = (
					"$(inherited)",
					"$(PROJECT_DIR)/NotifyMe/Framework",
				);
				INFOPLIST_FILE = NotifyMe/Info.plist;
				LD_RUNPATH_SEARCH_PATHS = "$(inherited) @executable_path/Frameworks";
				PRODUCT_BUNDLE_IDENTIFIER = com.kongpan.narongsak.NotifyMe;
				PRODUCT_NAME = "$(TARGET_NAME)";
				SWIFT_VERSION = 3.0;
			};
			name = Debug;
		};
		1CBAF5591E22973700ABED7E /* Release */ = {
			isa = XCBuildConfiguration;
			baseConfigurationReference = BD65DD4CD7F2D130E12D4BA3 /* Pods-NotifyMe.release.xcconfig */;
			buildSettings = {
				ASSETCATALOG_COMPILER_APPICON_NAME = AppIcon;
				DEVELOPMENT_TEAM = JH5A525NVW;
				FRAMEWORK_SEARCH_PATHS = (
					"$(inherited)",
					"$(PROJECT_DIR)/NotifyMe/Framework",
				);
				INFOPLIST_FILE = NotifyMe/Info.plist;
				LD_RUNPATH_SEARCH_PATHS = "$(inherited) @executable_path/Frameworks";
				PRODUCT_BUNDLE_IDENTIFIER = com.kongpan.narongsak.NotifyMe;
				PRODUCT_NAME = "$(TARGET_NAME)";
				SWIFT_VERSION = 3.0;
			};
			name = Release;
		};
		1CBAF55B1E22973700ABED7E /* Debug */ = {
			isa = XCBuildConfiguration;
			baseConfigurationReference = 37F607204D37FD626A20CC8A /* Pods-NotifyMeTests.debug.xcconfig */;
			buildSettings = {
				ALWAYS_EMBED_SWIFT_STANDARD_LIBRARIES = "$(inherited)";
				BUNDLE_LOADER = "$(TEST_HOST)";
				DEVELOPMENT_TEAM = JH5A525NVW;
				INFOPLIST_FILE = NotifyMeTests/Info.plist;
				LD_RUNPATH_SEARCH_PATHS = "$(inherited) @executable_path/Frameworks @loader_path/Frameworks";
				PRODUCT_BUNDLE_IDENTIFIER = com.kongpan.narongsak.NotifyMeTests;
				PRODUCT_NAME = "$(TARGET_NAME)";
				SWIFT_VERSION = 3.0;
				TEST_HOST = "$(BUILT_PRODUCTS_DIR)/NotifyMe.app/NotifyMe";
			};
			name = Debug;
		};
		1CBAF55C1E22973700ABED7E /* Release */ = {
			isa = XCBuildConfiguration;
			baseConfigurationReference = 39EF4A1FEE62898105CAE864 /* Pods-NotifyMeTests.release.xcconfig */;
			buildSettings = {
				ALWAYS_EMBED_SWIFT_STANDARD_LIBRARIES = "$(inherited)";
				BUNDLE_LOADER = "$(TEST_HOST)";
				DEVELOPMENT_TEAM = JH5A525NVW;
				INFOPLIST_FILE = NotifyMeTests/Info.plist;
				LD_RUNPATH_SEARCH_PATHS = "$(inherited) @executable_path/Frameworks @loader_path/Frameworks";
				PRODUCT_BUNDLE_IDENTIFIER = com.kongpan.narongsak.NotifyMeTests;
				PRODUCT_NAME = "$(TARGET_NAME)";
				SWIFT_VERSION = 3.0;
				TEST_HOST = "$(BUILT_PRODUCTS_DIR)/NotifyMe.app/NotifyMe";
			};
			name = Release;
		};
		1CBAF55E1E22973700ABED7E /* Debug */ = {
			isa = XCBuildConfiguration;
			baseConfigurationReference = F6703C69E1B1D762EFA6C5A1 /* Pods-NotifyMeUITests.debug.xcconfig */;
			buildSettings = {
				ALWAYS_EMBED_SWIFT_STANDARD_LIBRARIES = "$(inherited)";
				DEVELOPMENT_TEAM = JH5A525NVW;
				INFOPLIST_FILE = NotifyMeUITests/Info.plist;
				LD_RUNPATH_SEARCH_PATHS = "$(inherited) @executable_path/Frameworks @loader_path/Frameworks";
				PRODUCT_BUNDLE_IDENTIFIER = com.kongpan.narongsak.NotifyMeUITests;
				PRODUCT_NAME = "$(TARGET_NAME)";
				SWIFT_VERSION = 3.0;
				TEST_TARGET_NAME = NotifyMe;
			};
			name = Debug;
		};
		1CBAF55F1E22973700ABED7E /* Release */ = {
			isa = XCBuildConfiguration;
			baseConfigurationReference = BF896B9A7043C1EF5B8A359E /* Pods-NotifyMeUITests.release.xcconfig */;
			buildSettings = {
				ALWAYS_EMBED_SWIFT_STANDARD_LIBRARIES = "$(inherited)";
				DEVELOPMENT_TEAM = JH5A525NVW;
				INFOPLIST_FILE = NotifyMeUITests/Info.plist;
				LD_RUNPATH_SEARCH_PATHS = "$(inherited) @executable_path/Frameworks @loader_path/Frameworks";
				PRODUCT_BUNDLE_IDENTIFIER = com.kongpan.narongsak.NotifyMeUITests;
				PRODUCT_NAME = "$(TARGET_NAME)";
				SWIFT_VERSION = 3.0;
				TEST_TARGET_NAME = NotifyMe;
			};
			name = Release;
		};
/* End XCBuildConfiguration section */

/* Begin XCConfigurationList section */
		1CBAF5271E22973700ABED7E /* Build configuration list for PBXProject "NotifyMe" */ = {
			isa = XCConfigurationList;
			buildConfigurations = (
				1CBAF5551E22973700ABED7E /* Debug */,
				1CBAF5561E22973700ABED7E /* Release */,
			);
			defaultConfigurationIsVisible = 0;
			defaultConfigurationName = Release;
		};
		1CBAF5571E22973700ABED7E /* Build configuration list for PBXNativeTarget "NotifyMe" */ = {
			isa = XCConfigurationList;
			buildConfigurations = (
				1CBAF5581E22973700ABED7E /* Debug */,
				1CBAF5591E22973700ABED7E /* Release */,
			);
			defaultConfigurationIsVisible = 0;
			defaultConfigurationName = Release;
		};
		1CBAF55A1E22973700ABED7E /* Build configuration list for PBXNativeTarget "NotifyMeTests" */ = {
			isa = XCConfigurationList;
			buildConfigurations = (
				1CBAF55B1E22973700ABED7E /* Debug */,
				1CBAF55C1E22973700ABED7E /* Release */,
			);
			defaultConfigurationIsVisible = 0;
			defaultConfigurationName = Release;
		};
		1CBAF55D1E22973700ABED7E /* Build configuration list for PBXNativeTarget "NotifyMeUITests" */ = {
			isa = XCConfigurationList;
			buildConfigurations = (
				1CBAF55E1E22973700ABED7E /* Debug */,
				1CBAF55F1E22973700ABED7E /* Release */,
			);
			defaultConfigurationIsVisible = 0;
			defaultConfigurationName = Release;
		};
/* End XCConfigurationList section */

/* Begin XCVersionGroup section */
		1CBAF5361E22973700ABED7E /* NotifyMe.xcdatamodeld */ = {
			isa = XCVersionGroup;
			children = (
				1CBAF5371E22973700ABED7E /* NotifyMe.xcdatamodel */,
			);
			currentVersion = 1CBAF5371E22973700ABED7E /* NotifyMe.xcdatamodel */;
			path = NotifyMe.xcdatamodeld;
			sourceTree = "<group>";
			versionGroupType = wrapper.xcdatamodel;
		};
/* End XCVersionGroup section */
	};
	rootObject = 1CBAF5241E22973700ABED7E /* Project object */;
}
